
Microsoft Visual Studio Solution File, Format Version 12.00
# Visual Studio Version 17
VisualStudioVersion = 17.0.31903.59
MinimumVisualStudioVersion = 10.0.40219.1
Project("{2150E333-8FDC-42A3-9474-1A3956D46DE8}") = "src", "src", "{90C475DE-F106-4B83-8700-463D327CC8E2}"
EndProject
Project("{FAE04EC0-301F-11D3-BF4B-00C04F79EFBC}") = "Forge.Core", "src\Forge.Core\Forge.Core.csproj", "{5586D168-5584-4978-9981-E0E22AAE1ECD}"
EndProject
Project("{FAE04EC0-301F-11D3-BF4B-00C04F79EFBC}") = "Forge.Cli", "src\Forge.Cli\Forge.Cli.csproj", "{4BC1256C-5CFD-40BD-B388-8B53FA4F4FA9}"
EndProject
Project("{2150E333-8FDC-42A3-9474-1A3956D46DE8}") = "tests", "tests", "{6B02D740-6DDC-4043-AAF9-EFE3A3E0A4C6}"
EndProject
Project("{FAE04EC0-301F-11D3-BF4B-00C04F79EFBC}") = "Forge.Tests", "tests\Forge.Tests\Forge.Tests.csproj", "{D56A5954-4D28-4BBC-B11F-402EBABEC6C9}"
EndProject
Global
	GlobalSection(SolutionConfigurationPlatforms) = preSolution
		Debug|Any CPU = Debug|Any CPU
		Release|Any CPU = Release|Any CPU
	EndGlobalSection
	GlobalSection(SolutionProperties) = preSolution
		HideSolutionNode = FALSE
	EndGlobalSection
	GlobalSection(ProjectConfigurationPlatforms) = postSolution
		{5586D168-5584-4978-9981-E0E22AAE1ECD}.Debug|Any CPU.ActiveCfg = Debug|Any CPU
		{5586D168-5584-4978-9981-E0E22AAE1ECD}.Debug|Any CPU.Build.0 = Debug|Any CPU
		{5586D168-5584-4978-9981-E0E22AAE1ECD}.Release|Any CPU.ActiveCfg = Release|Any CPU
		{5586D168-5584-4978-9981-E0E22AAE1ECD}.Release|Any CPU.Build.0 = Release|Any CPU
		{4BC1256C-5CFD-40BD-B388-8B53FA4F4FA9}.Debug|Any CPU.ActiveCfg = Debug|Any CPU
		{4BC1256C-5CFD-40BD-B388-8B53FA4F4FA9}.Debug|Any CPU.Build.0 = Debug|Any CPU
		{4BC1256C-5CFD-40BD-B388-8B53FA4F4FA9}.Release|Any CPU.ActiveCfg = Release|Any CPU
		{4BC1256C-5CFD-40BD-B388-8B53FA4F4FA9}.Release|Any CPU.Build.0 = Release|Any CPU
		{D56A5954-4D28-4BBC-B11F-402EBABEC6C9}.Debug|Any CPU.ActiveCfg = Debug|Any CPU
		{D56A5954-4D28-4BBC-B11F-402EBABEC6C9}.Debug|Any CPU.Build.0 = Debug|Any CPU
		{D56A5954-4D28-4BBC-B11F-402EBABEC6C9}.Release|Any CPU.ActiveCfg = Release|Any CPU
		{D56A5954-4D28-4BBC-B11F-402EBABEC6C9}.Release|Any CPU.Build.0 = Release|Any CPU
	EndGlobalSection
	GlobalSection(NestedProjects) = preSolution
		{5586D168-5584-4978-9981-E0E22AAE1ECD} = {90C475DE-F106-4B83-8700-463D327CC8E2}
		{4BC1256C-5CFD-40BD-B388-8B53FA4F4FA9} = {90C475DE-F106-4B83-8700-463D327CC8E2}
		{D56A5954-4D28-4BBC-B11F-402EBABEC6C9} = {6B02D740-6DDC-4043-AAF9-EFE3A3E0A4C6}
	EndGlobalSection
EndGlobal
